
Microsoft Visual Studio Solution File, Format Version 12.00
# Visual Studio 15
VisualStudioVersion = 15.0.27703.2042
MinimumVisualStudioVersion = 10.0.40219.1
Project("{2150E333-8FDC-42A3-9474-1A3956D46DE8}") = "C-Sharp", "C-Sharp", "{0C4E824E-D94C-4CCD-B2B7-91BF327EF279}"
EndProject
Project("{FAE04EC0-301F-11D3-BF4B-00C04F79EFBC}") = "Ejercicio1", "Ejercicio1\Ejercicio1.csproj", "{551D89A8-F9BD-4DCE-AFBD-6D1DA9229CBA}"
EndProject
Project("{2150E333-8FDC-42A3-9474-1A3956D46DE8}") = "Python", "Python", "{83BD3515-B5CF-47BA-B38C-12C35C4A2A80}"
EndProject
Project("{888888A0-9F3D-457C-B088-3A5042F75D52}") = "Py1", "Py1\Py1.pyproj", "{A282C95C-89D2-4A9A-A7F6-A8060D209352}"
EndProject
Project("{888888A0-9F3D-457C-B088-3A5042F75D52}") = "Py2", "Py2\Py2.pyproj", "{F1F54E68-14D3-44EC-8910-B55E3D23274B}"
EndProject
Project("{888888A0-9F3D-457C-B088-3A5042F75D52}") = "Py3", "Py3\Py3.pyproj", "{732B2786-9019-48C6-86C1-2C7E4F77C2ED}"
EndProject
Project("{888888A0-9F3D-457C-B088-3A5042F75D52}") = "Py4", "Py4\Py4.pyproj", "{170C5EE5-E769-428D-BC03-65ECEA2FCFD1}"
EndProject
Project("{888888A0-9F3D-457C-B088-3A5042F75D52}") = "Py5", "Py5\Py5.pyproj", "{81AC4045-ADF6-4241-B27E-C30E257E3F27}"
EndProject
Project("{FAE04EC0-301F-11D3-BF4B-00C04F79EFBC}") = "cs1", "cs1\cs1.csproj", "{8204DC41-D107-49B3-B6B2-18097BE73D58}"
EndProject
Global
	GlobalSection(SolutionConfigurationPlatforms) = preSolution
		Debug|Any CPU = Debug|Any CPU
		Release|Any CPU = Release|Any CPU
	EndGlobalSection
	GlobalSection(ProjectConfigurationPlatforms) = postSolution
		{551D89A8-F9BD-4DCE-AFBD-6D1DA9229CBA}.Debug|Any CPU.ActiveCfg = Debug|Any CPU
		{551D89A8-F9BD-4DCE-AFBD-6D1DA9229CBA}.Debug|Any CPU.Build.0 = Debug|Any CPU
		{551D89A8-F9BD-4DCE-AFBD-6D1DA9229CBA}.Release|Any CPU.ActiveCfg = Release|Any CPU
		{551D89A8-F9BD-4DCE-AFBD-6D1DA9229CBA}.Release|Any CPU.Build.0 = Release|Any CPU
		{A282C95C-89D2-4A9A-A7F6-A8060D209352}.Debug|Any CPU.ActiveCfg = Debug|Any CPU
		{A282C95C-89D2-4A9A-A7F6-A8060D209352}.Release|Any CPU.ActiveCfg = Release|Any CPU
		{F1F54E68-14D3-44EC-8910-B55E3D23274B}.Debug|Any CPU.ActiveCfg = Debug|Any CPU
		{F1F54E68-14D3-44EC-8910-B55E3D23274B}.Release|Any CPU.ActiveCfg = Release|Any CPU
		{732B2786-9019-48C6-86C1-2C7E4F77C2ED}.Debug|Any CPU.ActiveCfg = Debug|Any CPU
		{732B2786-9019-48C6-86C1-2C7E4F77C2ED}.Release|Any CPU.ActiveCfg = Release|Any CPU
		{170C5EE5-E769-428D-BC03-65ECEA2FCFD1}.Debug|Any CPU.ActiveCfg = Debug|Any CPU
		{170C5EE5-E769-428D-BC03-65ECEA2FCFD1}.Release|Any CPU.ActiveCfg = Release|Any CPU
		{81AC4045-ADF6-4241-B27E-C30E257E3F27}.Debug|Any CPU.ActiveCfg = Debug|Any CPU
		{81AC4045-ADF6-4241-B27E-C30E257E3F27}.Release|Any CPU.ActiveCfg = Release|Any CPU
		{8204DC41-D107-49B3-B6B2-18097BE73D58}.Debug|Any CPU.ActiveCfg = Debug|Any CPU
		{8204DC41-D107-49B3-B6B2-18097BE73D58}.Debug|Any CPU.Build.0 = Debug|Any CPU
		{8204DC41-D107-49B3-B6B2-18097BE73D58}.Release|Any CPU.ActiveCfg = Release|Any CPU
		{8204DC41-D107-49B3-B6B2-18097BE73D58}.Release|Any CPU.Build.0 = Release|Any CPU
	EndGlobalSection
	GlobalSection(SolutionProperties) = preSolution
		HideSolutionNode = FALSE
	EndGlobalSection
	GlobalSection(NestedProjects) = preSolution
		{551D89A8-F9BD-4DCE-AFBD-6D1DA9229CBA} = {0C4E824E-D94C-4CCD-B2B7-91BF327EF279}
		{A282C95C-89D2-4A9A-A7F6-A8060D209352} = {83BD3515-B5CF-47BA-B38C-12C35C4A2A80}
		{F1F54E68-14D3-44EC-8910-B55E3D23274B} = {83BD3515-B5CF-47BA-B38C-12C35C4A2A80}
		{732B2786-9019-48C6-86C1-2C7E4F77C2ED} = {83BD3515-B5CF-47BA-B38C-12C35C4A2A80}
		{170C5EE5-E769-428D-BC03-65ECEA2FCFD1} = {83BD3515-B5CF-47BA-B38C-12C35C4A2A80}
		{81AC4045-ADF6-4241-B27E-C30E257E3F27} = {83BD3515-B5CF-47BA-B38C-12C35C4A2A80}
		{8204DC41-D107-49B3-B6B2-18097BE73D58} = {0C4E824E-D94C-4CCD-B2B7-91BF327EF279}
	EndGlobalSection
	GlobalSection(ExtensibilityGlobals) = postSolution
		SolutionGuid = {621256B3-3845-44BC-AAE7-93841009DB71}
	EndGlobalSection
EndGlobal
